
Microsoft Visual Studio Solution File, Format Version 12.00
# Visual Studio 2012
Project("{FAE04EC0-301F-11D3-BF4B-00C04F79EFBC}") = "Authenticator", "Authenticator.csproj", "{C30FEE87-C49D-4D4A-83BA-AC0698045A4A}"
EndProject
Global
	GlobalSection(SolutionConfigurationPlatforms) = preSolution
		Debug|Any CPU = Debug|Any CPU
		Debug|ARM = Debug|ARM
		Debug|x86 = Debug|x86
		Release|Any CPU = Release|Any CPU
		Release|ARM = Release|ARM
		Release|x86 = Release|x86
	EndGlobalSection
	GlobalSection(ProjectConfigurationPlatforms) = postSolution
		{C30FEE87-C49D-4D4A-83BA-AC0698045A4A}.Debug|Any CPU.ActiveCfg = Debug|Any CPU
		{C30FEE87-C49D-4D4A-83BA-AC0698045A4A}.Debug|Any CPU.Build.0 = Debug|Any CPU
		{C30FEE87-C49D-4D4A-83BA-AC0698045A4A}.Debug|Any CPU.Deploy.0 = Debug|Any CPU
		{C30FEE87-C49D-4D4A-83BA-AC0698045A4A}.Debug|ARM.ActiveCfg = Debug|Any CPU
		{C30FEE87-C49D-4D4A-83BA-AC0698045A4A}.Debug|x86.ActiveCfg = Debug|Any CPU
		{C30FEE87-C49D-4D4A-83BA-AC0698045A4A}.Release|Any CPU.ActiveCfg = Release|Any CPU
		{C30FEE87-C49D-4D4A-83BA-AC0698045A4A}.Release|Any CPU.Build.0 = Release|Any CPU
		{C30FEE87-C49D-4D4A-83BA-AC0698045A4A}.Release|Any CPU.Deploy.0 = Release|Any CPU
		{C30FEE87-C49D-4D4A-83BA-AC0698045A4A}.Release|ARM.ActiveCfg = Release|Any CPU
		{C30FEE87-C49D-4D4A-83BA-AC0698045A4A}.Release|x86.ActiveCfg = Release|Any CPU
	EndGlobalSection
	GlobalSection(SolutionProperties) = preSolution
		HideSolutionNode = FALSE
	EndGlobalSection
EndGlobal
